
Microsoft Visual Studio Solution File, Format Version 12.00
# Visual Studio Version 16
VisualStudioVersion = 16.0.32228.343
MinimumVisualStudioVersion = 10.0.40219.1
Project("{FAE04EC0-301F-11D3-BF4B-00C04F79EFBC}") = "Tasks", "Tasks.csproj", "{8572DE37-15DF-496C-95B9-5D0ABF89BABC}"
EndProject
Global
	GlobalSection(SolutionConfigurationPlatforms) = preSolution
		Debug|Any CPU = Debug|Any CPU
		Release|Any CPU = Release|Any CPU
	EndGlobalSection
	GlobalSection(ProjectConfigurationPlatforms) = postSolution
		{8572DE37-15DF-496C-95B9-5D0ABF89BABC}.Debug|Any CPU.ActiveCfg = Debug|Any CPU
		{8572DE37-15DF-496C-95B9-5D0ABF89BABC}.Debug|Any CPU.Build.0 = Debug|Any CPU
		{8572DE37-15DF-496C-95B9-5D0ABF89BABC}.Release|Any CPU.ActiveCfg = Release|Any CPU
		{8572DE37-15DF-496C-95B9-5D0ABF89BABC}.Release|Any CPU.Build.0 = Release|Any CPU
	EndGlobalSection
	GlobalSection(SolutionProperties) = preSolution
		HideSolutionNode = FALSE
	EndGlobalSection
	GlobalSection(ExtensibilityGlobals) = postSolution
		SolutionGuid = {C6E85F23-FBDA-461F-AEAC-886ED4077337}
	EndGlobalSection
EndGlobal
